
Microsoft Visual Studio Solution File, Format Version 12.00
# Visual Studio 15
VisualStudioVersion = 15.0.26730.16
MinimumVisualStudioVersion = 10.0.40219.1
Project("{FAE04EC0-301F-11D3-BF4B-00C04F79EFBC}") = "TreeView", "TreeView\TreeView.csproj", "{6FDDA341-5015-447C-93AA-E37DF89C4A5A}"
EndProject
Project("{FAE04EC0-301F-11D3-BF4B-00C04F79EFBC}") = "Placeholder", "Placeholder\Placeholder.csproj", "{8C034545-A98E-404D-82D3-A31A7BDECFC7}"
EndProject
Project("{FAE04EC0-301F-11D3-BF4B-00C04F79EFBC}") = "ListViewDoubleClick", "ListViewDoubleClick\ListViewDoubleClick.csproj", "{17434405-541E-4B8F-A752-C36FA473BD6E}"
EndProject
Project("{FAE04EC0-301F-11D3-BF4B-00C04F79EFBC}") = "ListViewContextMenu", "ListViewContextMenu\ListViewContextMenu.csproj", "{2F8E34E9-9A5B-43E4-AAA5-FFF2799D586C}"
EndProject
Project("{FAE04EC0-301F-11D3-BF4B-00C04F79EFBC}") = "EnumComboBox", "EnumComboBox\EnumComboBox.csproj", "{568576B6-CFA2-418A-BF12-A5C739D547E3}"
EndProject
Global
	GlobalSection(SolutionConfigurationPlatforms) = preSolution
		Debug|Any CPU = Debug|Any CPU
		Release|Any CPU = Release|Any CPU
	EndGlobalSection
	GlobalSection(ProjectConfigurationPlatforms) = postSolution
		{6FDDA341-5015-447C-93AA-E37DF89C4A5A}.Debug|Any CPU.ActiveCfg = Debug|Any CPU
		{6FDDA341-5015-447C-93AA-E37DF89C4A5A}.Debug|Any CPU.Build.0 = Debug|Any CPU
		{6FDDA341-5015-447C-93AA-E37DF89C4A5A}.Release|Any CPU.ActiveCfg = Release|Any CPU
		{6FDDA341-5015-447C-93AA-E37DF89C4A5A}.Release|Any CPU.Build.0 = Release|Any CPU
		{8C034545-A98E-404D-82D3-A31A7BDECFC7}.Debug|Any CPU.ActiveCfg = Debug|Any CPU
		{8C034545-A98E-404D-82D3-A31A7BDECFC7}.Debug|Any CPU.Build.0 = Debug|Any CPU
		{8C034545-A98E-404D-82D3-A31A7BDECFC7}.Release|Any CPU.ActiveCfg = Release|Any CPU
		{8C034545-A98E-404D-82D3-A31A7BDECFC7}.Release|Any CPU.Build.0 = Release|Any CPU
		{17434405-541E-4B8F-A752-C36FA473BD6E}.Debug|Any CPU.ActiveCfg = Debug|Any CPU
		{17434405-541E-4B8F-A752-C36FA473BD6E}.Debug|Any CPU.Build.0 = Debug|Any CPU
		{17434405-541E-4B8F-A752-C36FA473BD6E}.Release|Any CPU.ActiveCfg = Release|Any CPU
		{17434405-541E-4B8F-A752-C36FA473BD6E}.Release|Any CPU.Build.0 = Release|Any CPU
		{2F8E34E9-9A5B-43E4-AAA5-FFF2799D586C}.Debug|Any CPU.ActiveCfg = Debug|Any CPU
		{2F8E34E9-9A5B-43E4-AAA5-FFF2799D586C}.Debug|Any CPU.Build.0 = Debug|Any CPU
		{2F8E34E9-9A5B-43E4-AAA5-FFF2799D586C}.Release|Any CPU.ActiveCfg = Release|Any CPU
		{2F8E34E9-9A5B-43E4-AAA5-FFF2799D586C}.Release|Any CPU.Build.0 = Release|Any CPU
		{568576B6-CFA2-418A-BF12-A5C739D547E3}.Debug|Any CPU.ActiveCfg = Debug|Any CPU
		{568576B6-CFA2-418A-BF12-A5C739D547E3}.Debug|Any CPU.Build.0 = Debug|Any CPU
		{568576B6-CFA2-418A-BF12-A5C739D547E3}.Release|Any CPU.ActiveCfg = Release|Any CPU
		{568576B6-CFA2-418A-BF12-A5C739D547E3}.Release|Any CPU.Build.0 = Release|Any CPU
	EndGlobalSection
	GlobalSection(SolutionProperties) = preSolution
		HideSolutionNode = FALSE
	EndGlobalSection
	GlobalSection(ExtensibilityGlobals) = postSolution
		SolutionGuid = {C00F52DD-2BCB-48FC-8FC2-89471F36E756}
	EndGlobalSection
EndGlobal
